
Microsoft Visual Studio Solution File, Format Version 12.00
# Visual Studio Version 17
VisualStudioVersion = 17.7.34202.233
MinimumVisualStudioVersion = 10.0.40219.1
Project("{FAE04EC0-301F-11D3-BF4B-00C04F79EFBC}") = "ComboBox", "ComboBox\ComboBox.csproj", "{D593E1B8-1597-421F-B4B1-D2F447C1285D}"
EndProject
Global
	GlobalSection(SolutionConfigurationPlatforms) = preSolution
		Debug|Any CPU = Debug|Any CPU
		Release|Any CPU = Release|Any CPU
	EndGlobalSection
	GlobalSection(ProjectConfigurationPlatforms) = postSolution
		{D593E1B8-1597-421F-B4B1-D2F447C1285D}.Debug|Any CPU.ActiveCfg = Debug|Any CPU
		{D593E1B8-1597-421F-B4B1-D2F447C1285D}.Debug|Any CPU.Build.0 = Debug|Any CPU
		{D593E1B8-1597-421F-B4B1-D2F447C1285D}.Release|Any CPU.ActiveCfg = Release|Any CPU
		{D593E1B8-1597-421F-B4B1-D2F447C1285D}.Release|Any CPU.Build.0 = Release|Any CPU
	EndGlobalSection
	GlobalSection(SolutionProperties) = preSolution
		HideSolutionNode = FALSE
	EndGlobalSection
	GlobalSection(ExtensibilityGlobals) = postSolution
		SolutionGuid = {82F991F2-980D-4A70-8EC9-BC160361B076}
	EndGlobalSection
EndGlobal
